<?xml version="1.0" encoding="utf-8"?>
<Project ToolsVersion="4.0" xmlns="http://schemas.microsoft.com/developer/msbuild/2003">
  <ItemGroup>
    <Filter Include="Source Files">
      <UniqueIdentifier>{4FC737F1-C7A5-4376-A066-2A32D752A2FF}</UniqueIdentifier>
      <Extensions>cpp;c;cc;cxx;def;odl;idl;hpj;bat;asm;asmx</Extensions>
    </Filter>
    <Filter Include="Header Files">
      <UniqueIdentifier>{93995380-89BD-4b04-88EB-625FBE52EBFB}</UniqueIdentifier>
      <Extensions>h;hpp;hxx;hm;inl;inc;xsd</Extensions>
    </Filter>
    <Filter Include="Resource Files">
      <UniqueIdentifier>{67DA6AB6-F800-4c08-8B7A-83BB121AAD01}</UniqueIdentifier>
      <Extensions>rc;ico;cur;bmp;dlg;rc2;rct;bin;rgs;gif;jpg;jpeg;jpe;resx;tiff;tif;png;wav</Extensions>
    </Filter>
  </ItemGroup>
  <ItemGroup>
    <ClCompile Include="src\Edward.cpp">
      <Filter>Source Files</Filter>
    </ClCompile>
    <ClCompile Include="src\main.cpp">
      <Filter>Source Files</Filter>
    </ClCompile>
    <ClCompile Include="src\meta.cpp">
      <Filter>Source Files</Filter>
    </ClCompile>
    <ClCompile Include="src\action\Action.cpp">
      <Filter>Source Files</Filter>
    </ClCompile>
    <ClCompile Include="src\action\ActionGroup.cpp">
      <Filter>Source Files</Filter>
    </ClCompile>
    <ClCompile Include="src\action\ActionManager.cpp">
      <Filter>Source Files</Filter>
    </ClCompile>
    <ClCompile Include="src\action\ActionMultiView.cpp">
      <Filter>Source Files</Filter>
    </ClCompile>
    <ClCompile Include="src\action\font\ActionFontEditGlobal.cpp">
      <Filter>Source Files</Filter>
    </ClCompile>
    <ClCompile Include="src\action\font\ActionFontEditGlyph.cpp">
      <Filter>Source Files</Filter>
    </ClCompile>
    <ClCompile Include="src\action\material\ActionMaterialEditAppearance.cpp">
      <Filter>Source Files</Filter>
    </ClCompile>
    <ClCompile Include="src\action\material\ActionMaterialEditPhysics.cpp">
      <Filter>Source Files</Filter>
    </ClCompile>
    <ClCompile Include="src\action\model\animation\ActionModelAddAnimation.cpp">
      <Filter>Source Files</Filter>
    </ClCompile>
    <ClCompile Include="src\action\model\animation\ActionModelAnimationAddFrame.cpp">
      <Filter>Source Files</Filter>
    </ClCompile>
    <ClCompile Include="src\action\model\animation\ActionModelAnimationDeleteFrame.cpp">
      <Filter>Source Files</Filter>
    </ClCompile>
    <ClCompile Include="src\action\model\animation\ActionModelAnimationMoveVertices.cpp">
      <Filter>Source Files</Filter>
    </ClCompile>
    <ClCompile Include="src\action\model\animation\ActionModelAnimationRotateBones.cpp">
      <Filter>Source Files</Filter>
    </ClCompile>
    <ClCompile Include="src\action\model\animation\ActionModelAnimationRotateVertices.cpp">
      <Filter>Source Files</Filter>
    </ClCompile>
    <ClCompile Include="src\action\model\animation\ActionModelDeleteAnimation.cpp">
      <Filter>Source Files</Filter>
    </ClCompile>
    <ClCompile Include="src\action\model\data\ActionModelAddMaterial.cpp">
      <Filter>Source Files</Filter>
    </ClCompile>
    <ClCompile Include="src\action\model\data\ActionModelEditData.cpp">
      <Filter>Source Files</Filter>
    </ClCompile>
    <ClCompile Include="src\action\model\data\ActionModelEditMaterial.cpp">
      <Filter>Source Files</Filter>
    </ClCompile>
    <ClCompile Include="src\action\model\mesh\ActionModelDeleteSelection.cpp">
      <Filter>Source Files</Filter>
    </ClCompile>
    <ClCompile Include="src\action\model\mesh\ActionModelEasify.cpp">
      <Filter>Source Files</Filter>
    </ClCompile>
    <ClCompile Include="src\action\model\mesh\ActionModelPasteGeometry.cpp">
      <Filter>Source Files</Filter>
    </ClCompile>
    <ClCompile Include="src\action\model\mesh\brush\ActionModelBrushExtrude.cpp">
      <Filter>Source Files</Filter>
    </ClCompile>
    <ClCompile Include="src\action\model\mesh\brush\ActionModelBrushSmooth.cpp">
      <Filter>Source Files</Filter>
    </ClCompile>
    <ClCompile Include="src\action\model\mesh\edge\ActionModelBevelEdges.cpp">
      <Filter>Source Files</Filter>
    </ClCompile>
    <ClCompile Include="src\action\model\mesh\edge\ActionModelCollapseEdge.cpp">
      <Filter>Source Files</Filter>
    </ClCompile>
    <ClCompile Include="src\action\model\mesh\edge\ActionModelSplitEdge.cpp">
      <Filter>Source Files</Filter>
    </ClCompile>
    <ClCompile Include="src\action\model\mesh\effects\ActionModelAddEffects.cpp">
      <Filter>Source Files</Filter>
    </ClCompile>
    <ClCompile Include="src\action\model\mesh\effects\ActionModelClearEffects.cpp">
      <Filter>Source Files</Filter>
    </ClCompile>
    <ClCompile Include="src\action\model\mesh\effects\ActionModelEditEffect.cpp">
      <Filter>Source Files</Filter>
    </ClCompile>
    <ClCompile Include="src\action\model\mesh\look\ActionModelSetMaterial.cpp">
      <Filter>Source Files</Filter>
    </ClCompile>
    <ClCompile Include="src\action\model\mesh\look\ActionModelSetNormalModeSelection.cpp">
      <Filter>Source Files</Filter>
    </ClCompile>
    <ClCompile Include="src\action\model\mesh\polygon\ActionModelAddPolygon.cpp">
      <Filter>Source Files</Filter>
    </ClCompile>
    <ClCompile Include="src\action\model\mesh\polygon\ActionModelAddPolygonAutoSkin.cpp">
      <Filter>Source Files</Filter>
    </ClCompile>
    <ClCompile Include="src\action\model\mesh\polygon\ActionModelAddPolygonSingleTexture.cpp">
      <Filter>Source Files</Filter>
    </ClCompile>
    <ClCompile Include="src\action\model\mesh\polygon\ActionModelAddPolygonWithSkinGenerator.cpp">
      <Filter>Source Files</Filter>
    </ClCompile>
    <ClCompile Include="src\action\model\mesh\polygon\ActionModelCutOutPolygons.cpp">
      <Filter>Source Files</Filter>
    </ClCompile>
    <ClCompile Include="src\action\model\mesh\polygon\ActionModelExtrudePolygons.cpp">
      <Filter>Source Files</Filter>
    </ClCompile>
    <ClCompile Include="src\action\model\mesh\polygon\ActionModelMergePolygonsSelection.cpp">
      <Filter>Source Files</Filter>
    </ClCompile>
    <ClCompile Include="src\action\model\mesh\polygon\ActionModelSplitPolygon.cpp">
      <Filter>Source Files</Filter>
    </ClCompile>
    <ClCompile Include="src\action\model\mesh\polygon\ActionModelTriangulateSelection.cpp">
      <Filter>Source Files</Filter>
    </ClCompile>
    <ClCompile Include="src\action\model\mesh\polygon\helper\ActionModelPolygonAddVertex.cpp">
      <Filter>Source Files</Filter>
    </ClCompile>
    <ClCompile Include="src\action\model\mesh\polygon\helper\ActionModelPolygonRemoveVertex.cpp">
      <Filter>Source Files</Filter>
    </ClCompile>
    <ClCompile Include="src\action\model\mesh\skin\ActionModelAutomap.cpp">
      <Filter>Source Files</Filter>
    </ClCompile>
    <ClCompile Include="src\action\model\mesh\skin\ActionModelSkinVerticesFromProjection.cpp">
      <Filter>Source Files</Filter>
    </ClCompile>
    <ClCompile Include="src\action\model\mesh\surface\ActionModelAutoWeldSelection.cpp">
      <Filter>Source Files</Filter>
    </ClCompile>
    <ClCompile Include="src\action\model\mesh\surface\ActionModelDeleteSurface.cpp">
      <Filter>Source Files</Filter>
    </ClCompile>
    <ClCompile Include="src\action\model\mesh\surface\ActionModelSurfaceAutoWeld.cpp">
      <Filter>Source Files</Filter>
    </ClCompile>
    <ClCompile Include="src\action\model\mesh\surface\ActionModelSurfaceCopy.cpp">
      <Filter>Source Files</Filter>
    </ClCompile>
    <ClCompile Include="src\action\model\mesh\surface\ActionModelSurfaceInvert.cpp">
      <Filter>Source Files</Filter>
    </ClCompile>
    <ClCompile Include="src\action\model\mesh\surface\ActionModelSurfacesSubdivide.cpp">
      <Filter>Source Files</Filter>
    </ClCompile>
    <ClCompile Include="src\action\model\mesh\surface\helper\ActionModelAddEmptySurface.cpp">
      <Filter>Source Files</Filter>
    </ClCompile>
    <ClCompile Include="src\action\model\mesh\surface\helper\ActionModelDeleteEmptySurface.cpp">
      <Filter>Source Files</Filter>
    </ClCompile>
    <ClCompile Include="src\action\model\mesh\surface\helper\ActionModelJoinSurfaces.cpp">
      <Filter>Source Files</Filter>
    </ClCompile>
    <ClCompile Include="src\action\model\mesh\surface\helper\ActionModelSurfaceAddPolygon.cpp">
      <Filter>Source Files</Filter>
    </ClCompile>
    <ClCompile Include="src\action\model\mesh\surface\helper\ActionModelSurfaceDeletePolygon.cpp">
      <Filter>Source Files</Filter>
    </ClCompile>
    <ClCompile Include="src\action\model\mesh\surface\helper\ActionModelSurfaceRelinkPolygon.cpp">
      <Filter>Source Files</Filter>
    </ClCompile>
    <ClCompile Include="src\action\model\mesh\vertex\ActionModelAddVertex.cpp">
      <Filter>Source Files</Filter>
    </ClCompile>
    <ClCompile Include="src\action\model\mesh\vertex\ActionModelAlignToGrid.cpp">
      <Filter>Source Files</Filter>
    </ClCompile>
    <ClCompile Include="src\action\model\mesh\vertex\ActionModelBevelVertices.cpp">
      <Filter>Source Files</Filter>
    </ClCompile>
    <ClCompile Include="src\action\model\mesh\vertex\ActionModelCollapseVertices.cpp">
      <Filter>Source Files</Filter>
    </ClCompile>
    <ClCompile Include="src\action\model\mesh\vertex\ActionModelDeleteVertex.cpp">
      <Filter>Source Files</Filter>
    </ClCompile>
    <ClCompile Include="src\action\model\mesh\vertex\ActionModelFlattenVertices.cpp">
      <Filter>Source Files</Filter>
    </ClCompile>
    <ClCompile Include="src\action\model\mesh\vertex\ActionModelNearifyVertices.cpp">
      <Filter>Source Files</Filter>
    </ClCompile>
    <ClCompile Include="src\action\model\mesh\vertex\helper\ActionModelDeleteUnusedVertex.cpp">
      <Filter>Source Files</Filter>
    </ClCompile>
    <ClCompile Include="src\action\model\mesh\vertex\helper\ActionModelMoveVertex.cpp">
      <Filter>Source Files</Filter>
    </ClCompile>
    <ClCompile Include="src\action\model\skeleton\ActionModelAddBone.cpp">
      <Filter>Source Files</Filter>
    </ClCompile>
    <ClCompile Include="src\action\model\skeleton\ActionModelAttachVerticesToBone.cpp">
      <Filter>Source Files</Filter>
    </ClCompile>
    <ClCompile Include="src\action\model\skeleton\ActionModelDeleteBone.cpp">
      <Filter>Source Files</Filter>
    </ClCompile>
    <ClCompile Include="src\action\model\skeleton\ActionModelDeleteBoneSelection.cpp">
      <Filter>Source Files</Filter>
    </ClCompile>
    <ClCompile Include="src\action\model\skeleton\ActionModelMoveBones.cpp">
      <Filter>Source Files</Filter>
    </ClCompile>
    <ClCompile Include="src\action\world\ActionWorldEditData.cpp">
      <Filter>Source Files</Filter>
    </ClCompile>
    <ClCompile Include="src\action\world\ActionWorldMoveSelection.cpp">
      <Filter>Source Files</Filter>
    </ClCompile>
    <ClCompile Include="src\action\world\ActionWorldPaste.cpp">
      <Filter>Source Files</Filter>
    </ClCompile>
    <ClCompile Include="src\action\world\ActionWorldSetEgo.cpp">
      <Filter>Source Files</Filter>
    </ClCompile>
    <ClCompile Include="src\action\world\camera\ActionCameraAddPoint.cpp">
      <Filter>Source Files</Filter>
    </ClCompile>
    <ClCompile Include="src\action\world\camera\ActionCameraMoveSelection.cpp">
      <Filter>Source Files</Filter>
    </ClCompile>
    <ClCompile Include="src\action\world\camera\ActionCameraMoveTimeSelection.cpp">
      <Filter>Source Files</Filter>
    </ClCompile>
    <ClCompile Include="src\action\world\helper\ActionWorldTerrainEditHeight.cpp">
      <Filter>Source Files</Filter>
    </ClCompile>
    <ClCompile Include="src\action\world\object\ActionWorldAddObject.cpp">
      <Filter>Source Files</Filter>
    </ClCompile>
    <ClCompile Include="src\action\world\object\ActionWorldEditObject.cpp">
      <Filter>Source Files</Filter>
    </ClCompile>
    <ClCompile Include="src\action\world\object\ActionWorldRotateObjects.cpp">
      <Filter>Source Files</Filter>
    </ClCompile>
    <ClCompile Include="src\action\world\terrain\ActionWorldAddTerrain.cpp">
      <Filter>Source Files</Filter>
    </ClCompile>
    <ClCompile Include="src\action\world\terrain\ActionWorldEditTerrain.cpp">
      <Filter>Source Files</Filter>
    </ClCompile>
    <ClCompile Include="src\action\world\terrain\ActionWorldTerrainApplyHeightmap.cpp">
      <Filter>Source Files</Filter>
    </ClCompile>
    <ClCompile Include="src\action\world\terrain\ActionWorldTerrainBrushExtrude.cpp">
      <Filter>Source Files</Filter>
    </ClCompile>
    <ClCompile Include="src\data\Data.cpp">
      <Filter>Source Files</Filter>
    </ClCompile>
    <ClCompile Include="src\data\administration\AdminFile.cpp">
      <Filter>Source Files</Filter>
    </ClCompile>
    <ClCompile Include="src\data\administration\AdminFileList.cpp">
      <Filter>Source Files</Filter>
    </ClCompile>
    <ClCompile Include="src\data\administration\DataAdministration.cpp">
      <Filter>Source Files</Filter>
    </ClCompile>
    <ClCompile Include="src\data\administration\GameIniData.cpp">
      <Filter>Source Files</Filter>
    </ClCompile>
    <ClCompile Include="src\data\font\DataFont.cpp">
      <Filter>Source Files</Filter>
    </ClCompile>
    <ClCompile Include="src\data\font\import\ImporterCairo.cpp">
      <Filter>Source Files</Filter>
    </ClCompile>
    <ClCompile Include="src\data\material\DataMaterial.cpp">
      <Filter>Source Files</Filter>
    </ClCompile>
    <ClCompile Include="src\data\model\DataModel.cpp">
      <Filter>Source Files</Filter>
    </ClCompile>
    <ClCompile Include="src\data\model\ModelMaterial.cpp">
      <Filter>Source Files</Filter>
    </ClCompile>
    <ClCompile Include="src\data\model\ModelPolygon.cpp">
      <Filter>Source Files</Filter>
    </ClCompile>
    <ClCompile Include="src\data\model\ModelSurface.cpp">
      <Filter>Source Files</Filter>
    </ClCompile>
    <ClCompile Include="src\data\model\SkinGenerator.cpp">
      <Filter>Source Files</Filter>
    </ClCompile>
    <ClCompile Include="src\data\model\import\Importer3ds.cpp">
      <Filter>Source Files</Filter>
    </ClCompile>
    <ClCompile Include="src\data\world\DataCamera.cpp">
      <Filter>Source Files</Filter>
    </ClCompile>
    <ClCompile Include="src\data\world\DataWorld.cpp">
      <Filter>Source Files</Filter>
    </ClCompile>
    <ClCompile Include="src\data\world\lightmap\Lightmap.cpp">
      <Filter>Source Files</Filter>
    </ClCompile>
    <ClCompile Include="src\data\world\lightmap\LightmapData.cpp">
      <Filter>Source Files</Filter>
    </ClCompile>
    <ClCompile Include="src\data\world\lightmap\LightmapPhotonMap.cpp">
      <Filter>Source Files</Filter>
    </ClCompile>
    <ClCompile Include="src\data\world\lightmap\LightmapPhotonMapImageSpace.cpp">
      <Filter>Source Files</Filter>
    </ClCompile>
    <ClCompile Include="src\data\world\lightmap\LightmapRadiosity.cpp">
      <Filter>Source Files</Filter>
    </ClCompile>
    <ClCompile Include="src\data\world\lightmap\LightmapRayTracing.cpp">
      <Filter>Source Files</Filter>
    </ClCompile>
    <ClCompile Include="src\lib\base\array.cpp">
      <Filter>Source Files</Filter>
    </ClCompile>
    <ClCompile Include="src\lib\base\strings.cpp">
      <Filter>Source Files</Filter>
    </ClCompile>
    <ClCompile Include="src\lib\file\file.cpp">
      <Filter>Source Files</Filter>
    </ClCompile>
    <ClCompile Include="src\lib\file\file_op.cpp">
      <Filter>Source Files</Filter>
    </ClCompile>
    <ClCompile Include="src\lib\file\msg.cpp">
      <Filter>Source Files</Filter>
    </ClCompile>
    <ClCompile Include="src\lib\hui\hui.cpp">
      <Filter>Source Files</Filter>
    </ClCompile>
    <ClCompile Include="src\lib\hui\HuiMenu.cpp">
      <Filter>Source Files</Filter>
    </ClCompile>
    <ClCompile Include="src\lib\hui\HuiMenuGtk.cpp">
      <Filter>Source Files</Filter>
    </ClCompile>
    <ClCompile Include="src\lib\hui\HuiMenuWin.cpp">
      <Filter>Source Files</Filter>
    </ClCompile>
    <ClCompile Include="src\lib\hui\HuiPainterGtk.cpp">
      <Filter>Source Files</Filter>
    </ClCompile>
    <ClCompile Include="src\lib\hui\HuiTimer.cpp">
      <Filter>Source Files</Filter>
    </ClCompile>
    <ClCompile Include="src\lib\hui\HuiToolbar.cpp">
      <Filter>Source Files</Filter>
    </ClCompile>
    <ClCompile Include="src\lib\hui\HuiToolbarGtk.cpp">
      <Filter>Source Files</Filter>
    </ClCompile>
    <ClCompile Include="src\lib\hui\HuiToolbarWin.cpp">
      <Filter>Source Files</Filter>
    </ClCompile>
    <ClCompile Include="src\lib\hui\HuiWindow.cpp">
      <Filter>Source Files</Filter>
    </ClCompile>
    <ClCompile Include="src\lib\hui\HuiWindowGtk.cpp">
      <Filter>Source Files</Filter>
    </ClCompile>
    <ClCompile Include="src\lib\hui\HuiWindowWin.cpp">
      <Filter>Source Files</Filter>
    </ClCompile>
    <ClCompile Include="src\lib\hui\hui_clipboard.cpp">
      <Filter>Source Files</Filter>
    </ClCompile>
    <ClCompile Include="src\lib\hui\hui_common_dlg.cpp">
      <Filter>Source Files</Filter>
    </ClCompile>
    <ClCompile Include="src\lib\hui\hui_common_dlg_gtk.cpp">
      <Filter>Source Files</Filter>
    </ClCompile>
    <ClCompile Include="src\lib\hui\hui_common_dlg_win.cpp">
      <Filter>Source Files</Filter>
    </ClCompile>
    <ClCompile Include="src\lib\hui\hui_config.cpp">
      <Filter>Source Files</Filter>
    </ClCompile>
    <ClCompile Include="src\lib\hui\hui_error.cpp">
      <Filter>Source Files</Filter>
    </ClCompile>
    <ClCompile Include="src\lib\hui\hui_input.cpp">
      <Filter>Source Files</Filter>
    </ClCompile>
    <ClCompile Include="src\lib\hui\hui_language.cpp">
      <Filter>Source Files</Filter>
    </ClCompile>
    <ClCompile Include="src\lib\hui\hui_main_gtk.cpp">
      <Filter>Source Files</Filter>
    </ClCompile>
    <ClCompile Include="src\lib\hui\hui_main_win.cpp">
      <Filter>Source Files</Filter>
    </ClCompile>
    <ClCompile Include="src\lib\hui\hui_resource.cpp">
      <Filter>Source Files</Filter>
    </ClCompile>
    <ClCompile Include="src\lib\hui\hui_utility.cpp">
      <Filter>Source Files</Filter>
    </ClCompile>
    <ClCompile Include="src\lib\hui\hui_window_control.cpp">
      <Filter>Source Files</Filter>
    </ClCompile>
    <ClCompile Include="src\lib\hui\hui_window_control_gtk.cpp">
      <Filter>Source Files</Filter>
    </ClCompile>
    <ClCompile Include="src\lib\hui\hui_window_control_win.cpp">
      <Filter>Source Files</Filter>
    </ClCompile>
    <ClCompile Include="src\lib\hui\controls\HuiControl.cpp">
      <Filter>Source Files</Filter>
    </ClCompile>
    <ClCompile Include="src\lib\hui\controls\HuiControlButtonGtk.cpp">
      <Filter>Source Files</Filter>
    </ClCompile>
    <ClCompile Include="src\lib\hui\controls\HuiControlCheckBoxGtk.cpp">
      <Filter>Source Files</Filter>
    </ClCompile>
    <ClCompile Include="src\lib\hui\controls\HuiControlColorButtonGtk.cpp">
      <Filter>Source Files</Filter>
    </ClCompile>
    <ClCompile Include="src\lib\hui\controls\HuiControlComboBoxGtk.cpp">
      <Filter>Source Files</Filter>
    </ClCompile>
    <ClCompile Include="src\lib\hui\controls\HuiControlDrawingAreaGtk.cpp">
      <Filter>Source Files</Filter>
    </ClCompile>
    <ClCompile Include="src\lib\hui\controls\HuiControlEditGtk.cpp">
      <Filter>Source Files</Filter>
    </ClCompile>
    <ClCompile Include="src\lib\hui\controls\HuiControlGridGtk.cpp">
      <Filter>Source Files</Filter>
    </ClCompile>
    <ClCompile Include="src\lib\hui\controls\HuiControlGroupGtk.cpp">
      <Filter>Source Files</Filter>
    </ClCompile>
    <ClCompile Include="src\lib\hui\controls\HuiControlLabelGtk.cpp">
      <Filter>Source Files</Filter>
    </ClCompile>
    <ClCompile Include="src\lib\hui\controls\HuiControlListViewGtk.cpp">
      <Filter>Source Files</Filter>
    </ClCompile>
    <ClCompile Include="src\lib\hui\controls\HuiControlMultilineEditGtk.cpp">
      <Filter>Source Files</Filter>
    </ClCompile>
    <ClCompile Include="src\lib\hui\controls\HuiControlProgressBarGtk.cpp">
      <Filter>Source Files</Filter>
    </ClCompile>
    <ClCompile Include="src\lib\hui\controls\HuiControlRadioButtonGtk.cpp">
      <Filter>Source Files</Filter>
    </ClCompile>
    <ClCompile Include="src\lib\hui\controls\HuiControlSliderGtk.cpp">
      <Filter>Source Files</Filter>
    </ClCompile>
    <ClCompile Include="src\lib\hui\controls\HuiControlSpinButtonGtk.cpp">
      <Filter>Source Files</Filter>
    </ClCompile>
    <ClCompile Include="src\lib\hui\controls\HuiControlTabControlGtk.cpp">
      <Filter>Source Files</Filter>
    </ClCompile>
    <ClCompile Include="src\lib\hui\controls\HuiControlToggleButtonGtk.cpp">
      <Filter>Source Files</Filter>
    </ClCompile>
    <ClCompile Include="src\lib\hui\controls\HuiControlTreeViewGtk.cpp">
      <Filter>Source Files</Filter>
    </ClCompile>
    <ClCompile Include="src\lib\hui\controls\HuiMenuItemGtk.cpp">
      <Filter>Source Files</Filter>
    </ClCompile>
    <ClCompile Include="src\lib\hui\controls\HuiMenuItemSeparatorGtk.cpp">
      <Filter>Source Files</Filter>
    </ClCompile>
    <ClCompile Include="src\lib\hui\controls\HuiMenuItemSubmenuGtk.cpp">
      <Filter>Source Files</Filter>
    </ClCompile>
    <ClCompile Include="src\lib\hui\controls\HuiMenuItemToggleGtk.cpp">
      <Filter>Source Files</Filter>
    </ClCompile>
    <ClCompile Include="src\lib\hui\controls\HuiToolItemButtonGtk.cpp">
      <Filter>Source Files</Filter>
    </ClCompile>
    <ClCompile Include="src\lib\hui\controls\HuiToolItemMenuButtonGtk.cpp">
      <Filter>Source Files</Filter>
    </ClCompile>
    <ClCompile Include="src\lib\hui\controls\HuiToolItemSeparatorGtk.cpp">
      <Filter>Source Files</Filter>
    </ClCompile>
    <ClCompile Include="src\lib\hui\controls\HuiToolItemToggleButtonGtk.cpp">
      <Filter>Source Files</Filter>
    </ClCompile>
    <ClCompile Include="src\lib\image\color.cpp">
      <Filter>Source Files</Filter>
    </ClCompile>
    <ClCompile Include="src\lib\image\image.cpp">
      <Filter>Source Files</Filter>
    </ClCompile>
    <ClCompile Include="src\lib\image\image_bmp.cpp">
      <Filter>Source Files</Filter>
    </ClCompile>
    <ClCompile Include="src\lib\image\image_jpg.cpp">
      <Filter>Source Files</Filter>
    </ClCompile>
    <ClCompile Include="src\lib\image\image_tga.cpp">
      <Filter>Source Files</Filter>
    </ClCompile>
    <ClCompile Include="src\lib\math\complex.cpp">
      <Filter>Source Files</Filter>
    </ClCompile>
    <ClCompile Include="src\lib\math\interpolation.cpp">
      <Filter>Source Files</Filter>
    </ClCompile>
    <ClCompile Include="src\lib\math\math.cpp">
      <Filter>Source Files</Filter>
    </ClCompile>
    <ClCompile Include="src\lib\math\matrix.cpp">
      <Filter>Source Files</Filter>
    </ClCompile>
    <ClCompile Include="src\lib\math\matrix3.cpp">
      <Filter>Source Files</Filter>
    </ClCompile>
    <ClCompile Include="src\lib\math\plane.cpp">
      <Filter>Source Files</Filter>
    </ClCompile>
    <ClCompile Include="src\lib\math\quaternion.cpp">
      <Filter>Source Files</Filter>
    </ClCompile>
    <ClCompile Include="src\lib\math\random.cpp">
      <Filter>Source Files</Filter>
    </ClCompile>
    <ClCompile Include="src\lib\math\ray.cpp">
      <Filter>Source Files</Filter>
    </ClCompile>
    <ClCompile Include="src\lib\math\rect.cpp">
      <Filter>Source Files</Filter>
    </ClCompile>
    <ClCompile Include="src\lib\math\vector.cpp">
      <Filter>Source Files</Filter>
    </ClCompile>
    <ClCompile Include="src\lib\net\net.cpp">
      <Filter>Source Files</Filter>
    </ClCompile>
    <ClCompile Include="src\lib\nix\nix.cpp">
      <Filter>Source Files</Filter>
    </ClCompile>
    <ClCompile Include="src\lib\nix\nix_draw.cpp">
      <Filter>Source Files</Filter>
    </ClCompile>
    <ClCompile Include="src\lib\nix\nix_input.cpp">
      <Filter>Source Files</Filter>
    </ClCompile>
    <ClCompile Include="src\lib\nix\nix_light.cpp">
      <Filter>Source Files</Filter>
    </ClCompile>
    <ClCompile Include="src\lib\nix\nix_shader.cpp">
      <Filter>Source Files</Filter>
    </ClCompile>
    <ClCompile Include="src\lib\nix\nix_textures.cpp">
      <Filter>Source Files</Filter>
    </ClCompile>
    <ClCompile Include="src\lib\nix\nix_vertexbuffer.cpp">
      <Filter>Source Files</Filter>
    </ClCompile>
    <ClCompile Include="src\lib\nix\nix_view.cpp">
      <Filter>Source Files</Filter>
    </ClCompile>
    <ClCompile Include="src\lib\script\script.cpp">
      <Filter>Source Files</Filter>
    </ClCompile>
    <ClCompile Include="src\lib\script\asm\asm.cpp">
      <Filter>Source Files</Filter>
    </ClCompile>
    <ClCompile Include="src\lib\script\compiler\compiler.cpp">
      <Filter>Source Files</Filter>
    </ClCompile>
    <ClCompile Include="src\lib\script\compiler\serializer.cpp">
      <Filter>Source Files</Filter>
    </ClCompile>
    <ClCompile Include="src\lib\script\lib\script_data.cpp">
      <Filter>Source Files</Filter>
    </ClCompile>
    <ClCompile Include="src\lib\script\lib\script_data_file.cpp">
      <Filter>Source Files</Filter>
    </ClCompile>
    <ClCompile Include="src\lib\script\lib\script_data_hui.cpp">
      <Filter>Source Files</Filter>
    </ClCompile>
    <ClCompile Include="src\lib\script\lib\script_data_image.cpp">
      <Filter>Source Files</Filter>
    </ClCompile>
    <ClCompile Include="src\lib\script\lib\script_data_math.cpp">
      <Filter>Source Files</Filter>
    </ClCompile>
    <ClCompile Include="src\lib\script\lib\script_data_net.cpp">
      <Filter>Source Files</Filter>
    </ClCompile>
    <ClCompile Include="src\lib\script\lib\script_data_nix.cpp">
      <Filter>Source Files</Filter>
    </ClCompile>
    <ClCompile Include="src\lib\script\lib\script_data_sound.cpp">
      <Filter>Source Files</Filter>
    </ClCompile>
    <ClCompile Include="src\lib\script\lib\script_data_threads.cpp">
      <Filter>Source Files</Filter>
    </ClCompile>
    <ClCompile Include="src\lib\script\lib\script_data_x.cpp">
      <Filter>Source Files</Filter>
    </ClCompile>
    <ClCompile Include="src\lib\script\syntax\implicit.cpp">
      <Filter>Source Files</Filter>
    </ClCompile>
    <ClCompile Include="src\lib\script\syntax\lexical.cpp">
      <Filter>Source Files</Filter>
    </ClCompile>
    <ClCompile Include="src\lib\script\syntax\parser.cpp">
      <Filter>Source Files</Filter>
    </ClCompile>
    <ClCompile Include="src\lib\script\syntax\precompiler.cpp">
      <Filter>Source Files</Filter>
    </ClCompile>
    <ClCompile Include="src\lib\script\syntax\preprocessor.cpp">
      <Filter>Source Files</Filter>
    </ClCompile>
    <ClCompile Include="src\lib\script\syntax\syntax_tree.cpp">
      <Filter>Source Files</Filter>
    </ClCompile>
    <ClCompile Include="src\lib\script\syntax\type.cpp">
      <Filter>Source Files</Filter>
    </ClCompile>
    <ClCompile Include="src\lib\threads\mutex.cpp">
      <Filter>Source Files</Filter>
    </ClCompile>
    <ClCompile Include="src\lib\threads\threads.cpp">
      <Filter>Source Files</Filter>
    </ClCompile>
    <ClCompile Include="src\lib\threads\work.cpp">
      <Filter>Source Files</Filter>
    </ClCompile>
    <ClCompile Include="src\mode\Mode.cpp">
      <Filter>Source Files</Filter>
    </ClCompile>
    <ClCompile Include="src\mode\ModeCreation.cpp">
      <Filter>Source Files</Filter>
    </ClCompile>
    <ClCompile Include="src\mode\administration\ModeAdministration.cpp">
      <Filter>Source Files</Filter>
    </ClCompile>
    <ClCompile Include="src\mode\administration\dialog\AdministrationDialog.cpp">
      <Filter>Source Files</Filter>
    </ClCompile>
    <ClCompile Include="src\mode\administration\dialog\ConfigurationDialog.cpp">
      <Filter>Source Files</Filter>
    </ClCompile>
    <ClCompile Include="src\mode\font\ModeFont.cpp">
      <Filter>Source Files</Filter>
    </ClCompile>
    <ClCompile Include="src\mode\font\dialog\FontDialog.cpp">
      <Filter>Source Files</Filter>
    </ClCompile>
    <ClCompile Include="src\mode\material\ModeMaterial.cpp">
      <Filter>Source Files</Filter>
    </ClCompile>
    <ClCompile Include="src\mode\material\dialog\MaterialPropertiesDialog.cpp">
      <Filter>Source Files</Filter>
    </ClCompile>
    <ClCompile Include="src\mode\model\ModeModel.cpp">
      <Filter>Source Files</Filter>
    </ClCompile>
    <ClCompile Include="src\mode\model\animation\ModeModelAnimation.cpp">
      <Filter>Source Files</Filter>
    </ClCompile>
    <ClCompile Include="src\mode\model\animation\ModeModelAnimationNone.cpp">
      <Filter>Source Files</Filter>
    </ClCompile>
    <ClCompile Include="src\mode\model\animation\ModeModelAnimationSkeleton.cpp">
      <Filter>Source Files</Filter>
    </ClCompile>
    <ClCompile Include="src\mode\model\animation\ModeModelAnimationVertex.cpp">
      <Filter>Source Files</Filter>
    </ClCompile>
    <ClCompile Include="src\mode\model\dialog\ModelAnimationDialog.cpp">
      <Filter>Source Files</Filter>
    </ClCompile>
    <ClCompile Include="src\mode\model\dialog\ModelEasifyDialog.cpp">
      <Filter>Source Files</Filter>
    </ClCompile>
    <ClCompile Include="src\mode\model\dialog\ModelFXDialog.cpp">
      <Filter>Source Files</Filter>
    </ClCompile>
    <ClCompile Include="src\mode\model\dialog\ModelMaterialDialog.cpp">
      <Filter>Source Files</Filter>
    </ClCompile>
    <ClCompile Include="src\mode\model\dialog\ModelMaterialSelectionDialog.cpp">
      <Filter>Source Files</Filter>
    </ClCompile>
    <ClCompile Include="src\mode\model\dialog\ModelNewAnimationDialog.cpp">
      <Filter>Source Files</Filter>
    </ClCompile>
    <ClCompile Include="src\mode\model\dialog\ModelPropertiesDialog.cpp">
      <Filter>Source Files</Filter>
    </ClCompile>
    <ClCompile Include="src\mode\model\mesh\ModeModelMesh.cpp">
      <Filter>Source Files</Filter>
    </ClCompile>
    <ClCompile Include="src\mode\model\mesh\ModeModelMeshEdge.cpp">
      <Filter>Source Files</Filter>
    </ClCompile>
    <ClCompile Include="src\mode\model\mesh\ModeModelMeshPolygon.cpp">
      <Filter>Source Files</Filter>
    </ClCompile>
    <ClCompile Include="src\mode\model\mesh\ModeModelMeshSurface.cpp">
      <Filter>Source Files</Filter>
    </ClCompile>
    <ClCompile Include="src\mode\model\mesh\ModeModelMeshTexture.cpp">
      <Filter>Source Files</Filter>
    </ClCompile>
    <ClCompile Include="src\mode\model\mesh\ModeModelMeshVertex.cpp">
      <Filter>Source Files</Filter>
    </ClCompile>
    <ClCompile Include="src\mode\model\mesh\creation\ModeModelMeshBevelEdges.cpp">
      <Filter>Source Files</Filter>
    </ClCompile>
    <ClCompile Include="src\mode\model\mesh\creation\ModeModelMeshBrush.cpp">
      <Filter>Source Files</Filter>
    </ClCompile>
    <ClCompile Include="src\mode\model\mesh\creation\ModeModelMeshCreateBall.cpp">
      <Filter>Source Files</Filter>
    </ClCompile>
    <ClCompile Include="src\mode\model\mesh\creation\ModeModelMeshCreateCube.cpp">
      <Filter>Source Files</Filter>
    </ClCompile>
    <ClCompile Include="src\mode\model\mesh\creation\ModeModelMeshCreateCylinder.cpp">
      <Filter>Source Files</Filter>
    </ClCompile>
    <ClCompile Include="src\mode\model\mesh\creation\ModeModelMeshCreateCylinderSnake.cpp">
      <Filter>Source Files</Filter>
    </ClCompile>
    <ClCompile Include="src\mode\model\mesh\creation\ModeModelMeshCreatePlane.cpp">
      <Filter>Source Files</Filter>
    </ClCompile>
    <ClCompile Include="src\mode\model\mesh\creation\ModeModelMeshCreatePlatonic.cpp">
      <Filter>Source Files</Filter>
    </ClCompile>
    <ClCompile Include="src\mode\model\mesh\creation\ModeModelMeshCreatePolygon.cpp">
      <Filter>Source Files</Filter>
    </ClCompile>
    <ClCompile Include="src\mode\model\mesh\creation\ModeModelMeshCreateTorus.cpp">
      <Filter>Source Files</Filter>
    </ClCompile>
    <ClCompile Include="src\mode\model\mesh\creation\ModeModelMeshCreateVertex.cpp">
      <Filter>Source Files</Filter>
    </ClCompile>
    <ClCompile Include="src\mode\model\mesh\creation\ModeModelMeshExtrudePolygons.cpp">
      <Filter>Source Files</Filter>
    </ClCompile>
    <ClCompile Include="src\mode\model\mesh\creation\ModeModelMeshSplitPolygon.cpp">
      <Filter>Source Files</Filter>
    </ClCompile>
    <ClCompile Include="src\mode\model\skeleton\ModeModelSkeleton.cpp">
      <Filter>Source Files</Filter>
    </ClCompile>
    <ClCompile Include="src\mode\model\skeleton\creation\ModeModelSkeletonAttachVertices.cpp">
      <Filter>Source Files</Filter>
    </ClCompile>
    <ClCompile Include="src\mode\model\skeleton\creation\ModeModelSkeletonCreateBone.cpp">
      <Filter>Source Files</Filter>
    </ClCompile>
    <ClCompile Include="src\mode\welcome\ModeWelcome.cpp">
      <Filter>Source Files</Filter>
    </ClCompile>
    <ClCompile Include="src\mode\world\ModeWorld.cpp">
      <Filter>Source Files</Filter>
    </ClCompile>
    <ClCompile Include="src\mode\world\camera\ModeWorldCamera.cpp">
      <Filter>Source Files</Filter>
    </ClCompile>
    <ClCompile Include="src\mode\world\camera\creation\ModeWorldCameraCreatePoint.cpp">
      <Filter>Source Files</Filter>
    </ClCompile>
    <ClCompile Include="src\mode\world\creation\ModeWorldCreateObject.cpp">
      <Filter>Source Files</Filter>
    </ClCompile>
    <ClCompile Include="src\mode\world\creation\ModeWorldCreateTerrain.cpp">
      <Filter>Source Files</Filter>
    </ClCompile>
    <ClCompile Include="src\mode\world\dialog\LightmapDialog.cpp">
      <Filter>Source Files</Filter>
    </ClCompile>
    <ClCompile Include="src\mode\world\dialog\ObjectPropertiesDialog.cpp">
      <Filter>Source Files</Filter>
    </ClCompile>
    <ClCompile Include="src\mode\world\dialog\SelectionPropertiesDialog.cpp">
      <Filter>Source Files</Filter>
    </ClCompile>
    <ClCompile Include="src\mode\world\dialog\TerrainCreationDialog.cpp">
      <Filter>Source Files</Filter>
    </ClCompile>
    <ClCompile Include="src\mode\world\dialog\TerrainHeightmapDialog.cpp">
      <Filter>Source Files</Filter>
    </ClCompile>
    <ClCompile Include="src\mode\world\dialog\TerrainPropertiesDialog.cpp">
      <Filter>Source Files</Filter>
    </ClCompile>
    <ClCompile Include="src\mode\world\dialog\WorldPropertiesDialog.cpp">
      <Filter>Source Files</Filter>
    </ClCompile>
    <ClCompile Include="src\mode\world\terrain\ModeWorldEditTerrain.cpp">
      <Filter>Source Files</Filter>
    </ClCompile>
    <ClCompile Include="src\stuff\Observable.cpp">
      <Filter>Source Files</Filter>
    </ClCompile>
    <ClCompile Include="src\stuff\Observer.cpp">
      <Filter>Source Files</Filter>
    </ClCompile>
    <ClCompile Include="src\stuff\PluginManager.cpp">
      <Filter>Source Files</Filter>
    </ClCompile>
    <ClCompile Include="src\stuff\Progress.cpp">
      <Filter>Source Files</Filter>
    </ClCompile>
    <ClCompile Include="src\x\camera.cpp">
      <Filter>Source Files</Filter>
    </ClCompile>
    <ClCompile Include="src\x\font.cpp">
      <Filter>Source Files</Filter>
    </ClCompile>
    <ClCompile Include="src\x\material.cpp">
      <Filter>Source Files</Filter>
    </ClCompile>
    <ClCompile Include="src\x\model.cpp">
      <Filter>Source Files</Filter>
    </ClCompile>
    <ClCompile Include="src\x\model_manager.cpp">
      <Filter>Source Files</Filter>
    </ClCompile>
    <ClCompile Include="src\x\object.cpp">
      <Filter>Source Files</Filter>
    </ClCompile>
    <ClCompile Include="src\x\terrain.cpp">
      <Filter>Source Files</Filter>
    </ClCompile>
    <ClCompile Include="src\x\world.cpp">
      <Filter>Source Files</Filter>
    </ClCompile>
    <ClCompile Include="src\Action\Model\Mesh\Surface\ActionModelSurfaceVolumeAnd.cpp">
      <Filter>Source Files</Filter>
    </ClCompile>
    <ClCompile Include="src\Action\Model\Mesh\Surface\ActionModelSurfaceVolumeSubtract.cpp">
      <Filter>Source Files</Filter>
    </ClCompile>
    <ClCompile Include="src\Action\World\ActionWorldDeleteSelection.cpp">
      <Filter>Source Files</Filter>
    </ClCompile>
    <ClCompile Include="src\Action\World\Terrain\ActionWorldDeleteTerrain.cpp">
      <Filter>Source Files</Filter>
    </ClCompile>
    <ClCompile Include="src\Action\World\Object\ActionWorldDeleteObject.cpp">
      <Filter>Source Files</Filter>
    </ClCompile>
    <ClCompile Include="src\lib\hui\Controls\HuiControlExpanderGtk.cpp">
      <Filter>Source Files</Filter>
    </ClCompile>
    <ClCompile Include="src\lib\hui\Controls\HuiControlPanedGtk.cpp">
      <Filter>Source Files</Filter>
    </ClCompile>
    <ClCompile Include="src\lib\hui\Controls\HuiControlSeparatorGtk.cpp">
      <Filter>Source Files</Filter>
    </ClCompile>
    <ClCompile Include="src\lib\hui\Controls\HuiControlScrollerGtk.cpp">
      <Filter>Source Files</Filter>
    </ClCompile>
    <ClCompile Include="src\Stuff\EmbeddedDialog.cpp">
      <Filter>Source Files</Filter>
    </ClCompile>
    <ClCompile Include="src\Mode\World\Dialog\CameraDialog.cpp">
      <Filter>Source Files</Filter>
    </ClCompile>
    <ClCompile Include="src\MultiView\ActionController.cpp">
      <Filter>Source Files</Filter>
    </ClCompile>
    <ClCompile Include="src\MultiView\MultiViewImpl.cpp">
      <Filter>Source Files</Filter>
    </ClCompile>
    <ClCompile Include="src\MultiView\SingleData.cpp">
      <Filter>Source Files</Filter>
    </ClCompile>
    <ClCompile Include="src\MultiView\Window.cpp">
      <Filter>Source Files</Filter>
    </ClCompile>
    <ClCompile Include="src\Mode\Model\Mesh\Creation\ModeModelMeshAutoweld.cpp">
      <Filter>Source Files</Filter>
    </ClCompile>
    <ClCompile Include="src\Data\Model\Geometry\Geometry.cpp">
      <Filter>Source Files</Filter>
    </ClCompile>
    <ClCompile Include="src\Data\Model\Geometry\GeometryBall.cpp">
      <Filter>Source Files</Filter>
    </ClCompile>
    <ClCompile Include="src\Data\Model\Geometry\GeometryCube.cpp">
      <Filter>Source Files</Filter>
    </ClCompile>
    <ClCompile Include="src\Data\Model\Geometry\GeometryCylinder.cpp">
      <Filter>Source Files</Filter>
    </ClCompile>
    <ClCompile Include="src\Data\Model\Geometry\GeometryPlane.cpp">
      <Filter>Source Files</Filter>
    </ClCompile>
    <ClCompile Include="src\Data\Model\Geometry\GeometryPlatonic.cpp">
      <Filter>Source Files</Filter>
    </ClCompile>
    <ClCompile Include="src\Data\Model\Geometry\GeometrySphere.cpp">
      <Filter>Source Files</Filter>
    </ClCompile>
    <ClCompile Include="src\Data\Model\Geometry\GeometrySubtract.cpp">
      <Filter>Source Files</Filter>
    </ClCompile>
    <ClCompile Include="src\Data\Model\Geometry\GeometryTeapot.cpp">
      <Filter>Source Files</Filter>
    </ClCompile>
    <ClCompile Include="src\Data\Model\Geometry\GeometryTorus.cpp">
      <Filter>Source Files</Filter>
    </ClCompile>
    <ClCompile Include="src\Data\Model\Geometry\GeometryTorusKnot.cpp">
      <Filter>Source Files</Filter>
    </ClCompile>
    <ClCompile Include="src\Data\Model\BspTree.cpp">
      <Filter>Source Files</Filter>
    </ClCompile>
    <ClCompile Include="src\Action\Model\Mesh\Skin\ActionModelTransformSkinVertices.cpp">
      <Filter>Source Files</Filter>
    </ClCompile>
    <ClCompile Include="src\Action\Model\Mesh\Vertex\ActionModelTransformVertices.cpp">
      <Filter>Source Files</Filter>
    </ClCompile>
    <ClCompile Include="src\Action\Model\Mesh\Vertex\ActionModelTriangulateVertices.cpp">
      <Filter>Source Files</Filter>
    </ClCompile>
    <ClCompile Include="src\MultiView\MultiView.cpp">
      <Filter>Source Files</Filter>
    </ClCompile>
    <ClCompile Include="src\lib\image\image_png.cpp">
      <Filter>Source Files</Filter>
    </ClCompile>
  </ItemGroup>
  <ItemGroup>
    <ClInclude Include="src\Edward.h">
      <Filter>Header Files</Filter>
    </ClInclude>
    <ClInclude Include="src\meta.h">
      <Filter>Header Files</Filter>
    </ClInclude>
    <ClInclude Include="src\action\Action.h">
      <Filter>Header Files</Filter>
    </ClInclude>
    <ClInclude Include="src\action\ActionGroup.h">
      <Filter>Header Files</Filter>
    </ClInclude>
    <ClInclude Include="src\action\ActionManager.h">
      <Filter>Header Files</Filter>
    </ClInclude>
    <ClInclude Include="src\action\ActionMultiView.h">
      <Filter>Header Files</Filter>
    </ClInclude>
    <ClInclude Include="src\action\font\ActionFontEditGlobal.h">
      <Filter>Header Files</Filter>
    </ClInclude>
    <ClInclude Include="src\action\font\ActionFontEditGlyph.h">
      <Filter>Header Files</Filter>
    </ClInclude>
    <ClInclude Include="src\action\material\ActionMaterialEditAppearance.h">
      <Filter>Header Files</Filter>
    </ClInclude>
    <ClInclude Include="src\action\material\ActionMaterialEditPhysics.h">
      <Filter>Header Files</Filter>
    </ClInclude>
    <ClInclude Include="src\action\model\animation\ActionModelAddAnimation.h">
      <Filter>Header Files</Filter>
    </ClInclude>
    <ClInclude Include="src\action\model\animation\ActionModelAnimationAddFrame.h">
      <Filter>Header Files</Filter>
    </ClInclude>
    <ClInclude Include="src\action\model\animation\ActionModelAnimationDeleteFrame.h">
      <Filter>Header Files</Filter>
    </ClInclude>
    <ClInclude Include="src\action\model\animation\ActionModelAnimationMoveVertices.h">
      <Filter>Header Files</Filter>
    </ClInclude>
    <ClInclude Include="src\action\model\animation\ActionModelAnimationRotateBones.h">
      <Filter>Header Files</Filter>
    </ClInclude>
    <ClInclude Include="src\action\model\animation\ActionModelAnimationRotateVertices.h">
      <Filter>Header Files</Filter>
    </ClInclude>
    <ClInclude Include="src\action\model\animation\ActionModelDeleteAnimation.h">
      <Filter>Header Files</Filter>
    </ClInclude>
    <ClInclude Include="src\action\model\data\ActionModelAddMaterial.h">
      <Filter>Header Files</Filter>
    </ClInclude>
    <ClInclude Include="src\action\model\data\ActionModelEditData.h">
      <Filter>Header Files</Filter>
    </ClInclude>
    <ClInclude Include="src\action\model\data\ActionModelEditMaterial.h">
      <Filter>Header Files</Filter>
    </ClInclude>
    <ClInclude Include="src\action\model\mesh\ActionModelDeleteSelection.h">
      <Filter>Header Files</Filter>
    </ClInclude>
    <ClInclude Include="src\action\model\mesh\ActionModelEasify.h">
      <Filter>Header Files</Filter>
    </ClInclude>
    <ClInclude Include="src\action\model\mesh\ActionModelPasteGeometry.h">
      <Filter>Header Files</Filter>
    </ClInclude>
    <ClInclude Include="src\action\model\mesh\brush\ActionModelBrushExtrude.h">
      <Filter>Header Files</Filter>
    </ClInclude>
    <ClInclude Include="src\action\model\mesh\brush\ActionModelBrushSmooth.h">
      <Filter>Header Files</Filter>
    </ClInclude>
    <ClInclude Include="src\action\model\mesh\edge\ActionModelBevelEdges.h">
      <Filter>Header Files</Filter>
    </ClInclude>
    <ClInclude Include="src\action\model\mesh\edge\ActionModelCollapseEdge.h">
      <Filter>Header Files</Filter>
    </ClInclude>
    <ClInclude Include="src\action\model\mesh\edge\ActionModelSplitEdge.h">
      <Filter>Header Files</Filter>
    </ClInclude>
    <ClInclude Include="src\action\model\mesh\effects\ActionModelAddEffects.h">
      <Filter>Header Files</Filter>
    </ClInclude>
    <ClInclude Include="src\action\model\mesh\effects\ActionModelClearEffects.h">
      <Filter>Header Files</Filter>
    </ClInclude>
    <ClInclude Include="src\action\model\mesh\effects\ActionModelEditEffect.h">
      <Filter>Header Files</Filter>
    </ClInclude>
    <ClInclude Include="src\action\model\mesh\look\ActionModelSetMaterial.h">
      <Filter>Header Files</Filter>
    </ClInclude>
    <ClInclude Include="src\action\model\mesh\look\ActionModelSetNormalModeSelection.h">
      <Filter>Header Files</Filter>
    </ClInclude>
    <ClInclude Include="src\action\model\mesh\polygon\ActionModelAddPolygon.h">
      <Filter>Header Files</Filter>
    </ClInclude>
    <ClInclude Include="src\action\model\mesh\polygon\ActionModelAddPolygonAutoSkin.h">
      <Filter>Header Files</Filter>
    </ClInclude>
    <ClInclude Include="src\action\model\mesh\polygon\ActionModelAddPolygonSingleTexture.h">
      <Filter>Header Files</Filter>
    </ClInclude>
    <ClInclude Include="src\action\model\mesh\polygon\ActionModelAddPolygonWithSkinGenerator.h">
      <Filter>Header Files</Filter>
    </ClInclude>
    <ClInclude Include="src\action\model\mesh\polygon\ActionModelCutOutPolygons.h">
      <Filter>Header Files</Filter>
    </ClInclude>
    <ClInclude Include="src\action\model\mesh\polygon\ActionModelExtrudePolygons.h">
      <Filter>Header Files</Filter>
    </ClInclude>
    <ClInclude Include="src\action\model\mesh\polygon\ActionModelMergePolygonsSelection.h">
      <Filter>Header Files</Filter>
    </ClInclude>
    <ClInclude Include="src\action\model\mesh\polygon\ActionModelSplitPolygon.h">
      <Filter>Header Files</Filter>
    </ClInclude>
    <ClInclude Include="src\action\model\mesh\polygon\ActionModelTriangulateSelection.h">
      <Filter>Header Files</Filter>
    </ClInclude>
    <ClInclude Include="src\action\model\mesh\polygon\helper\ActionModelPolygonAddVertex.h">
      <Filter>Header Files</Filter>
    </ClInclude>
    <ClInclude Include="src\action\model\mesh\polygon\helper\ActionModelPolygonRemoveVertex.h">
      <Filter>Header Files</Filter>
    </ClInclude>
    <ClInclude Include="src\action\model\mesh\skin\ActionModelAutomap.h">
      <Filter>Header Files</Filter>
    </ClInclude>
    <ClInclude Include="src\action\model\mesh\skin\ActionModelSkinVerticesFromProjection.h">
      <Filter>Header Files</Filter>
    </ClInclude>
    <ClInclude Include="src\action\model\mesh\surface\ActionModelAutoWeldSelection.h">
      <Filter>Header Files</Filter>
    </ClInclude>
    <ClInclude Include="src\action\model\mesh\surface\ActionModelDeleteSurface.h">
      <Filter>Header Files</Filter>
    </ClInclude>
    <ClInclude Include="src\action\model\mesh\surface\ActionModelSurfaceAutoWeld.h">
      <Filter>Header Files</Filter>
    </ClInclude>
    <ClInclude Include="src\action\model\mesh\surface\ActionModelSurfaceCopy.h">
      <Filter>Header Files</Filter>
    </ClInclude>
    <ClInclude Include="src\action\model\mesh\surface\ActionModelSurfaceInvert.h">
      <Filter>Header Files</Filter>
    </ClInclude>
    <ClInclude Include="src\action\model\mesh\surface\ActionModelSurfacesSubdivide.h">
      <Filter>Header Files</Filter>
    </ClInclude>
    <ClInclude Include="src\action\model\mesh\surface\helper\ActionModelAddEmptySurface.h">
      <Filter>Header Files</Filter>
    </ClInclude>
    <ClInclude Include="src\action\model\mesh\surface\helper\ActionModelDeleteEmptySurface.h">
      <Filter>Header Files</Filter>
    </ClInclude>
    <ClInclude Include="src\action\model\mesh\surface\helper\ActionModelJoinSurfaces.h">
      <Filter>Header Files</Filter>
    </ClInclude>
    <ClInclude Include="src\action\model\mesh\surface\helper\ActionModelSurfaceAddPolygon.h">
      <Filter>Header Files</Filter>
    </ClInclude>
    <ClInclude Include="src\action\model\mesh\surface\helper\ActionModelSurfaceDeletePolygon.h">
      <Filter>Header Files</Filter>
    </ClInclude>
    <ClInclude Include="src\action\model\mesh\surface\helper\ActionModelSurfaceRelinkPolygon.h">
      <Filter>Header Files</Filter>
    </ClInclude>
    <ClInclude Include="src\action\model\mesh\vertex\ActionModelAddVertex.h">
      <Filter>Header Files</Filter>
    </ClInclude>
    <ClInclude Include="src\action\model\mesh\vertex\ActionModelAlignToGrid.h">
      <Filter>Header Files</Filter>
    </ClInclude>
    <ClInclude Include="src\action\model\mesh\vertex\ActionModelBevelVertices.h">
      <Filter>Header Files</Filter>
    </ClInclude>
    <ClInclude Include="src\action\model\mesh\vertex\ActionModelCollapseVertices.h">
      <Filter>Header Files</Filter>
    </ClInclude>
    <ClInclude Include="src\action\model\mesh\vertex\ActionModelDeleteVertex.h">
      <Filter>Header Files</Filter>
    </ClInclude>
    <ClInclude Include="src\action\model\mesh\vertex\ActionModelFlattenVertices.h">
      <Filter>Header Files</Filter>
    </ClInclude>
    <ClInclude Include="src\action\model\mesh\vertex\ActionModelNearifyVertices.h">
      <Filter>Header Files</Filter>
    </ClInclude>
    <ClInclude Include="src\action\model\mesh\vertex\helper\ActionModelDeleteUnusedVertex.h">
      <Filter>Header Files</Filter>
    </ClInclude>
    <ClInclude Include="src\action\model\mesh\vertex\helper\ActionModelMoveVertex.h">
      <Filter>Header Files</Filter>
    </ClInclude>
    <ClInclude Include="src\action\model\skeleton\ActionModelAddBone.h">
      <Filter>Header Files</Filter>
    </ClInclude>
    <ClInclude Include="src\action\model\skeleton\ActionModelAttachVerticesToBone.h">
      <Filter>Header Files</Filter>
    </ClInclude>
    <ClInclude Include="src\action\model\skeleton\ActionModelDeleteBone.h">
      <Filter>Header Files</Filter>
    </ClInclude>
    <ClInclude Include="src\action\model\skeleton\ActionModelDeleteBoneSelection.h">
      <Filter>Header Files</Filter>
    </ClInclude>
    <ClInclude Include="src\action\model\skeleton\ActionModelMoveBones.h">
      <Filter>Header Files</Filter>
    </ClInclude>
    <ClInclude Include="src\action\world\ActionWorldEditData.h">
      <Filter>Header Files</Filter>
    </ClInclude>
    <ClInclude Include="src\action\world\ActionWorldMoveSelection.h">
      <Filter>Header Files</Filter>
    </ClInclude>
    <ClInclude Include="src\action\world\ActionWorldPaste.h">
      <Filter>Header Files</Filter>
    </ClInclude>
    <ClInclude Include="src\action\world\ActionWorldSetEgo.h">
      <Filter>Header Files</Filter>
    </ClInclude>
    <ClInclude Include="src\action\world\camera\ActionCameraAddPoint.h">
      <Filter>Header Files</Filter>
    </ClInclude>
    <ClInclude Include="src\action\world\camera\ActionCameraMoveSelection.h">
      <Filter>Header Files</Filter>
    </ClInclude>
    <ClInclude Include="src\action\world\camera\ActionCameraMoveTimeSelection.h">
      <Filter>Header Files</Filter>
    </ClInclude>
    <ClInclude Include="src\action\world\helper\ActionWorldTerrainEditHeight.h">
      <Filter>Header Files</Filter>
    </ClInclude>
    <ClInclude Include="src\action\world\object\ActionWorldAddObject.h">
      <Filter>Header Files</Filter>
    </ClInclude>
    <ClInclude Include="src\action\world\object\ActionWorldEditObject.h">
      <Filter>Header Files</Filter>
    </ClInclude>
    <ClInclude Include="src\action\world\object\ActionWorldRotateObjects.h">
      <Filter>Header Files</Filter>
    </ClInclude>
    <ClInclude Include="src\action\world\terrain\ActionWorldAddTerrain.h">
      <Filter>Header Files</Filter>
    </ClInclude>
    <ClInclude Include="src\action\world\terrain\ActionWorldEditTerrain.h">
      <Filter>Header Files</Filter>
    </ClInclude>
    <ClInclude Include="src\action\world\terrain\ActionWorldTerrainApplyHeightmap.h">
      <Filter>Header Files</Filter>
    </ClInclude>
    <ClInclude Include="src\action\world\terrain\ActionWorldTerrainBrushExtrude.h">
      <Filter>Header Files</Filter>
    </ClInclude>
    <ClInclude Include="src\data\Data.h">
      <Filter>Header Files</Filter>
    </ClInclude>
    <ClInclude Include="src\data\administration\AdminFile.h">
      <Filter>Header Files</Filter>
    </ClInclude>
    <ClInclude Include="src\data\administration\AdminFileList.h">
      <Filter>Header Files</Filter>
    </ClInclude>
    <ClInclude Include="src\data\administration\DataAdministration.h">
      <Filter>Header Files</Filter>
    </ClInclude>
    <ClInclude Include="src\data\administration\GameIniData.h">
      <Filter>Header Files</Filter>
    </ClInclude>
    <ClInclude Include="src\data\font\DataFont.h">
      <Filter>Header Files</Filter>
    </ClInclude>
    <ClInclude Include="src\data\font\import\ImporterCairo.h">
      <Filter>Header Files</Filter>
    </ClInclude>
    <ClInclude Include="src\data\material\DataMaterial.h">
      <Filter>Header Files</Filter>
    </ClInclude>
    <ClInclude Include="src\data\model\DataModel.h">
      <Filter>Header Files</Filter>
    </ClInclude>
    <ClInclude Include="src\data\model\ModelMaterial.h">
      <Filter>Header Files</Filter>
    </ClInclude>
    <ClInclude Include="src\data\model\ModelPolygon.h">
      <Filter>Header Files</Filter>
    </ClInclude>
    <ClInclude Include="src\data\model\ModelSurface.h">
      <Filter>Header Files</Filter>
    </ClInclude>
    <ClInclude Include="src\data\model\SkinGenerator.h">
      <Filter>Header Files</Filter>
    </ClInclude>
    <ClInclude Include="src\data\model\import\Importer3ds.h">
      <Filter>Header Files</Filter>
    </ClInclude>
    <ClInclude Include="src\data\world\DataCamera.h">
      <Filter>Header Files</Filter>
    </ClInclude>
    <ClInclude Include="src\data\world\DataWorld.h">
      <Filter>Header Files</Filter>
    </ClInclude>
    <ClInclude Include="src\data\world\lightmap\Lightmap.h">
      <Filter>Header Files</Filter>
    </ClInclude>
    <ClInclude Include="src\data\world\lightmap\LightmapData.h">
      <Filter>Header Files</Filter>
    </ClInclude>
    <ClInclude Include="src\data\world\lightmap\LightmapPhotonMap.h">
      <Filter>Header Files</Filter>
    </ClInclude>
    <ClInclude Include="src\data\world\lightmap\LightmapPhotonMapImageSpace.h">
      <Filter>Header Files</Filter>
    </ClInclude>
    <ClInclude Include="src\data\world\lightmap\LightmapRadiosity.h">
      <Filter>Header Files</Filter>
    </ClInclude>
    <ClInclude Include="src\data\world\lightmap\LightmapRayTracing.h">
      <Filter>Header Files</Filter>
    </ClInclude>
    <ClInclude Include="src\lib\config.h">
      <Filter>Header Files</Filter>
    </ClInclude>
    <ClInclude Include="src\lib\base\array.h">
      <Filter>Header Files</Filter>
    </ClInclude>
    <ClInclude Include="src\lib\base\base.h">
      <Filter>Header Files</Filter>
    </ClInclude>
    <ClInclude Include="src\lib\base\hashmap.h">
      <Filter>Header Files</Filter>
    </ClInclude>
    <ClInclude Include="src\lib\base\map.h">
      <Filter>Header Files</Filter>
    </ClInclude>
    <ClInclude Include="src\lib\base\set.h">
      <Filter>Header Files</Filter>
    </ClInclude>
    <ClInclude Include="src\lib\base\strings.h">
      <Filter>Header Files</Filter>
    </ClInclude>
    <ClInclude Include="src\lib\file\file.h">
      <Filter>Header Files</Filter>
    </ClInclude>
    <ClInclude Include="src\lib\file\file_op.h">
      <Filter>Header Files</Filter>
    </ClInclude>
    <ClInclude Include="src\lib\file\msg.h">
      <Filter>Header Files</Filter>
    </ClInclude>
    <ClInclude Include="src\lib\hui\hui.h">
      <Filter>Header Files</Filter>
    </ClInclude>
    <ClInclude Include="src\lib\hui\HuiMenu.h">
      <Filter>Header Files</Filter>
    </ClInclude>
    <ClInclude Include="src\lib\hui\HuiPainter.h">
      <Filter>Header Files</Filter>
    </ClInclude>
    <ClInclude Include="src\lib\hui\HuiTimer.h">
      <Filter>Header Files</Filter>
    </ClInclude>
    <ClInclude Include="src\lib\hui\HuiToolbar.h">
      <Filter>Header Files</Filter>
    </ClInclude>
    <ClInclude Include="src\lib\hui\HuiWindow.h">
      <Filter>Header Files</Filter>
    </ClInclude>
    <ClInclude Include="src\lib\hui\hui_clipboard.h">
      <Filter>Header Files</Filter>
    </ClInclude>
    <ClInclude Include="src\lib\hui\hui_common.h">
      <Filter>Header Files</Filter>
    </ClInclude>
    <ClInclude Include="src\lib\hui\hui_common_dlg.h">
      <Filter>Header Files</Filter>
    </ClInclude>
    <ClInclude Include="src\lib\hui\hui_config.h">
      <Filter>Header Files</Filter>
    </ClInclude>
    <ClInclude Include="src\lib\hui\hui_error.h">
      <Filter>Header Files</Filter>
    </ClInclude>
    <ClInclude Include="src\lib\hui\hui_input.h">
      <Filter>Header Files</Filter>
    </ClInclude>
    <ClInclude Include="src\lib\hui\hui_internal.h">
      <Filter>Header Files</Filter>
    </ClInclude>
    <ClInclude Include="src\lib\hui\hui_language.h">
      <Filter>Header Files</Filter>
    </ClInclude>
    <ClInclude Include="src\lib\hui\hui_main.h">
      <Filter>Header Files</Filter>
    </ClInclude>
    <ClInclude Include="src\lib\hui\hui_resource.h">
      <Filter>Header Files</Filter>
    </ClInclude>
    <ClInclude Include="src\lib\hui\hui_utility.h">
      <Filter>Header Files</Filter>
    </ClInclude>
    <ClInclude Include="src\lib\hui\controls\HuiControl.h">
      <Filter>Header Files</Filter>
    </ClInclude>
    <ClInclude Include="src\lib\hui\controls\HuiControlButton.h">
      <Filter>Header Files</Filter>
    </ClInclude>
    <ClInclude Include="src\lib\hui\controls\HuiControlCheckBox.h">
      <Filter>Header Files</Filter>
    </ClInclude>
    <ClInclude Include="src\lib\hui\controls\HuiControlColorButton.h">
      <Filter>Header Files</Filter>
    </ClInclude>
    <ClInclude Include="src\lib\hui\controls\HuiControlComboBox.h">
      <Filter>Header Files</Filter>
    </ClInclude>
    <ClInclude Include="src\lib\hui\controls\HuiControlDrawingArea.h">
      <Filter>Header Files</Filter>
    </ClInclude>
    <ClInclude Include="src\lib\hui\controls\HuiControlEdit.h">
      <Filter>Header Files</Filter>
    </ClInclude>
    <ClInclude Include="src\lib\hui\controls\HuiControlGrid.h">
      <Filter>Header Files</Filter>
    </ClInclude>
    <ClInclude Include="src\lib\hui\controls\HuiControlGroup.h">
      <Filter>Header Files</Filter>
    </ClInclude>
    <ClInclude Include="src\lib\hui\controls\HuiControlLabel.h">
      <Filter>Header Files</Filter>
    </ClInclude>
    <ClInclude Include="src\lib\hui\controls\HuiControlListView.h">
      <Filter>Header Files</Filter>
    </ClInclude>
    <ClInclude Include="src\lib\hui\controls\HuiControlMultilineEdit.h">
      <Filter>Header Files</Filter>
    </ClInclude>
    <ClInclude Include="src\lib\hui\controls\HuiControlProgressBar.h">
      <Filter>Header Files</Filter>
    </ClInclude>
    <ClInclude Include="src\lib\hui\controls\HuiControlRadioButton.h">
      <Filter>Header Files</Filter>
    </ClInclude>
    <ClInclude Include="src\lib\hui\controls\HuiControlSlider.h">
      <Filter>Header Files</Filter>
    </ClInclude>
    <ClInclude Include="src\lib\hui\controls\HuiControlSpinButton.h">
      <Filter>Header Files</Filter>
    </ClInclude>
    <ClInclude Include="src\lib\hui\controls\HuiControlTabControl.h">
      <Filter>Header Files</Filter>
    </ClInclude>
    <ClInclude Include="src\lib\hui\controls\HuiControlToggleButton.h">
      <Filter>Header Files</Filter>
    </ClInclude>
    <ClInclude Include="src\lib\hui\controls\HuiControlTreeView.h">
      <Filter>Header Files</Filter>
    </ClInclude>
    <ClInclude Include="src\lib\hui\controls\HuiMenuItem.h">
      <Filter>Header Files</Filter>
    </ClInclude>
    <ClInclude Include="src\lib\hui\controls\HuiMenuItemSeparator.h">
      <Filter>Header Files</Filter>
    </ClInclude>
    <ClInclude Include="src\lib\hui\controls\HuiMenuItemSubmenu.h">
      <Filter>Header Files</Filter>
    </ClInclude>
    <ClInclude Include="src\lib\hui\controls\HuiMenuItemToggle.h">
      <Filter>Header Files</Filter>
    </ClInclude>
    <ClInclude Include="src\lib\hui\controls\HuiToolItemButton.h">
      <Filter>Header Files</Filter>
    </ClInclude>
    <ClInclude Include="src\lib\hui\controls\HuiToolItemMenuButton.h">
      <Filter>Header Files</Filter>
    </ClInclude>
    <ClInclude Include="src\lib\hui\controls\HuiToolItemSeparator.h">
      <Filter>Header Files</Filter>
    </ClInclude>
    <ClInclude Include="src\lib\hui\controls\HuiToolItemToggleButton.h">
      <Filter>Header Files</Filter>
    </ClInclude>
    <ClInclude Include="src\lib\image\color.h">
      <Filter>Header Files</Filter>
    </ClInclude>
    <ClInclude Include="src\lib\image\image.h">
      <Filter>Header Files</Filter>
    </ClInclude>
    <ClInclude Include="src\lib\image\image_bmp.h">
      <Filter>Header Files</Filter>
    </ClInclude>
    <ClInclude Include="src\lib\image\image_jpg.h">
      <Filter>Header Files</Filter>
    </ClInclude>
    <ClInclude Include="src\lib\image\image_tga.h">
      <Filter>Header Files</Filter>
    </ClInclude>
    <ClInclude Include="src\lib\math\complex.h">
      <Filter>Header Files</Filter>
    </ClInclude>
    <ClInclude Include="src\lib\math\interpolation.h">
      <Filter>Header Files</Filter>
    </ClInclude>
    <ClInclude Include="src\lib\math\math.h">
      <Filter>Header Files</Filter>
    </ClInclude>
    <ClInclude Include="src\lib\math\matrix.h">
      <Filter>Header Files</Filter>
    </ClInclude>
    <ClInclude Include="src\lib\math\matrix3.h">
      <Filter>Header Files</Filter>
    </ClInclude>
    <ClInclude Include="src\lib\math\plane.h">
      <Filter>Header Files</Filter>
    </ClInclude>
    <ClInclude Include="src\lib\math\quaternion.h">
      <Filter>Header Files</Filter>
    </ClInclude>
    <ClInclude Include="src\lib\math\random.h">
      <Filter>Header Files</Filter>
    </ClInclude>
    <ClInclude Include="src\lib\math\ray.h">
      <Filter>Header Files</Filter>
    </ClInclude>
    <ClInclude Include="src\lib\math\rect.h">
      <Filter>Header Files</Filter>
    </ClInclude>
    <ClInclude Include="src\lib\math\vector.h">
      <Filter>Header Files</Filter>
    </ClInclude>
    <ClInclude Include="src\lib\net\net.h">
      <Filter>Header Files</Filter>
    </ClInclude>
    <ClInclude Include="src\lib\nix\nix.h">
      <Filter>Header Files</Filter>
    </ClInclude>
    <ClInclude Include="src\lib\nix\nix_common.h">
      <Filter>Header Files</Filter>
    </ClInclude>
    <ClInclude Include="src\lib\nix\nix_config.h">
      <Filter>Header Files</Filter>
    </ClInclude>
    <ClInclude Include="src\lib\nix\nix_draw.h">
      <Filter>Header Files</Filter>
    </ClInclude>
    <ClInclude Include="src\lib\nix\nix_input.h">
      <Filter>Header Files</Filter>
    </ClInclude>
    <ClInclude Include="src\lib\nix\nix_light.h">
      <Filter>Header Files</Filter>
    </ClInclude>
    <ClInclude Include="src\lib\nix\nix_shader.h">
      <Filter>Header Files</Filter>
    </ClInclude>
    <ClInclude Include="src\lib\nix\nix_textures.h">
      <Filter>Header Files</Filter>
    </ClInclude>
    <ClInclude Include="src\lib\nix\nix_vertexbuffer.h">
      <Filter>Header Files</Filter>
    </ClInclude>
    <ClInclude Include="src\lib\nix\nix_view.h">
      <Filter>Header Files</Filter>
    </ClInclude>
    <ClInclude Include="src\lib\script\script.h">
      <Filter>Header Files</Filter>
    </ClInclude>
    <ClInclude Include="src\lib\script\asm\asm.h">
      <Filter>Header Files</Filter>
    </ClInclude>
    <ClInclude Include="src\lib\script\compiler\serializer.h">
      <Filter>Header Files</Filter>
    </ClInclude>
    <ClInclude Include="src\lib\script\lib\script_data.h">
      <Filter>Header Files</Filter>
    </ClInclude>
    <ClInclude Include="src\lib\script\lib\script_data_common.h">
      <Filter>Header Files</Filter>
    </ClInclude>
    <ClInclude Include="src\lib\script\syntax\lexical.h">
      <Filter>Header Files</Filter>
    </ClInclude>
    <ClInclude Include="src\lib\script\syntax\syntax_tree.h">
      <Filter>Header Files</Filter>
    </ClInclude>
    <ClInclude Include="src\lib\script\syntax\type.h">
      <Filter>Header Files</Filter>
    </ClInclude>
    <ClInclude Include="src\lib\threads\mutex.h">
      <Filter>Header Files</Filter>
    </ClInclude>
    <ClInclude Include="src\lib\threads\threads.h">
      <Filter>Header Files</Filter>
    </ClInclude>
    <ClInclude Include="src\lib\threads\work.h">
      <Filter>Header Files</Filter>
    </ClInclude>
    <ClInclude Include="src\mode\Mode.h">
      <Filter>Header Files</Filter>
    </ClInclude>
    <ClInclude Include="src\mode\ModeCreation.h">
      <Filter>Header Files</Filter>
    </ClInclude>
    <ClInclude Include="src\mode\administration\ModeAdministration.h">
      <Filter>Header Files</Filter>
    </ClInclude>
    <ClInclude Include="src\mode\administration\dialog\AdministrationDialog.h">
      <Filter>Header Files</Filter>
    </ClInclude>
    <ClInclude Include="src\mode\administration\dialog\ConfigurationDialog.h">
      <Filter>Header Files</Filter>
    </ClInclude>
    <ClInclude Include="src\mode\font\ModeFont.h">
      <Filter>Header Files</Filter>
    </ClInclude>
    <ClInclude Include="src\mode\font\dialog\FontDialog.h">
      <Filter>Header Files</Filter>
    </ClInclude>
    <ClInclude Include="src\mode\material\ModeMaterial.h">
      <Filter>Header Files</Filter>
    </ClInclude>
    <ClInclude Include="src\mode\material\dialog\MaterialPropertiesDialog.h">
      <Filter>Header Files</Filter>
    </ClInclude>
    <ClInclude Include="src\mode\model\ModeModel.h">
      <Filter>Header Files</Filter>
    </ClInclude>
    <ClInclude Include="src\mode\model\animation\ModeModelAnimation.h">
      <Filter>Header Files</Filter>
    </ClInclude>
    <ClInclude Include="src\mode\model\animation\ModeModelAnimationNone.h">
      <Filter>Header Files</Filter>
    </ClInclude>
    <ClInclude Include="src\mode\model\animation\ModeModelAnimationSkeleton.h">
      <Filter>Header Files</Filter>
    </ClInclude>
    <ClInclude Include="src\mode\model\animation\ModeModelAnimationVertex.h">
      <Filter>Header Files</Filter>
    </ClInclude>
    <ClInclude Include="src\mode\model\dialog\ModelAnimationDialog.h">
      <Filter>Header Files</Filter>
    </ClInclude>
    <ClInclude Include="src\mode\model\dialog\ModelEasifyDialog.h">
      <Filter>Header Files</Filter>
    </ClInclude>
    <ClInclude Include="src\mode\model\dialog\ModelFXDialog.h">
      <Filter>Header Files</Filter>
    </ClInclude>
    <ClInclude Include="src\mode\model\dialog\ModelMaterialDialog.h">
      <Filter>Header Files</Filter>
    </ClInclude>
    <ClInclude Include="src\mode\model\dialog\ModelMaterialSelectionDialog.h">
      <Filter>Header Files</Filter>
    </ClInclude>
    <ClInclude Include="src\mode\model\dialog\ModelNewAnimationDialog.h">
      <Filter>Header Files</Filter>
    </ClInclude>
    <ClInclude Include="src\mode\model\dialog\ModelPropertiesDialog.h">
      <Filter>Header Files</Filter>
    </ClInclude>
    <ClInclude Include="src\mode\model\mesh\ModeModelMesh.h">
      <Filter>Header Files</Filter>
    </ClInclude>
    <ClInclude Include="src\mode\model\mesh\ModeModelMeshEdge.h">
      <Filter>Header Files</Filter>
    </ClInclude>
    <ClInclude Include="src\mode\model\mesh\ModeModelMeshPolygon.h">
      <Filter>Header Files</Filter>
    </ClInclude>
    <ClInclude Include="src\mode\model\mesh\ModeModelMeshSurface.h">
      <Filter>Header Files</Filter>
    </ClInclude>
    <ClInclude Include="src\mode\model\mesh\ModeModelMeshTexture.h">
      <Filter>Header Files</Filter>
    </ClInclude>
    <ClInclude Include="src\mode\model\mesh\ModeModelMeshVertex.h">
      <Filter>Header Files</Filter>
    </ClInclude>
    <ClInclude Include="src\mode\model\mesh\creation\ModeModelMeshBevelEdges.h">
      <Filter>Header Files</Filter>
    </ClInclude>
    <ClInclude Include="src\mode\model\mesh\creation\ModeModelMeshBrush.h">
      <Filter>Header Files</Filter>
    </ClInclude>
    <ClInclude Include="src\mode\model\mesh\creation\ModeModelMeshCreateBall.h">
      <Filter>Header Files</Filter>
    </ClInclude>
    <ClInclude Include="src\mode\model\mesh\creation\ModeModelMeshCreateCube.h">
      <Filter>Header Files</Filter>
    </ClInclude>
    <ClInclude Include="src\mode\model\mesh\creation\ModeModelMeshCreateCylinder.h">
      <Filter>Header Files</Filter>
    </ClInclude>
    <ClInclude Include="src\mode\model\mesh\creation\ModeModelMeshCreateCylinderSnake.h">
      <Filter>Header Files</Filter>
    </ClInclude>
    <ClInclude Include="src\mode\model\mesh\creation\ModeModelMeshCreatePlane.h">
      <Filter>Header Files</Filter>
    </ClInclude>
    <ClInclude Include="src\mode\model\mesh\creation\ModeModelMeshCreatePlatonic.h">
      <Filter>Header Files</Filter>
    </ClInclude>
    <ClInclude Include="src\mode\model\mesh\creation\ModeModelMeshCreatePolygon.h">
      <Filter>Header Files</Filter>
    </ClInclude>
    <ClInclude Include="src\mode\model\mesh\creation\ModeModelMeshCreateTorus.h">
      <Filter>Header Files</Filter>
    </ClInclude>
    <ClInclude Include="src\mode\model\mesh\creation\ModeModelMeshCreateVertex.h">
      <Filter>Header Files</Filter>
    </ClInclude>
    <ClInclude Include="src\mode\model\mesh\creation\ModeModelMeshExtrudePolygons.h">
      <Filter>Header Files</Filter>
    </ClInclude>
    <ClInclude Include="src\mode\model\mesh\creation\ModeModelMeshSplitPolygon.h">
      <Filter>Header Files</Filter>
    </ClInclude>
    <ClInclude Include="src\mode\model\skeleton\ModeModelSkeleton.h">
      <Filter>Header Files</Filter>
    </ClInclude>
    <ClInclude Include="src\mode\model\skeleton\creation\ModeModelSkeletonAttachVertices.h">
      <Filter>Header Files</Filter>
    </ClInclude>
    <ClInclude Include="src\mode\model\skeleton\creation\ModeModelSkeletonCreateBone.h">
      <Filter>Header Files</Filter>
    </ClInclude>
    <ClInclude Include="src\mode\welcome\ModeWelcome.h">
      <Filter>Header Files</Filter>
    </ClInclude>
    <ClInclude Include="src\mode\world\ModeWorld.h">
      <Filter>Header Files</Filter>
    </ClInclude>
    <ClInclude Include="src\mode\world\camera\ModeWorldCamera.h">
      <Filter>Header Files</Filter>
    </ClInclude>
    <ClInclude Include="src\mode\world\camera\creation\ModeWorldCameraCreatePoint.h">
      <Filter>Header Files</Filter>
    </ClInclude>
    <ClInclude Include="src\mode\world\creation\ModeWorldCreateObject.h">
      <Filter>Header Files</Filter>
    </ClInclude>
    <ClInclude Include="src\mode\world\creation\ModeWorldCreateTerrain.h">
      <Filter>Header Files</Filter>
    </ClInclude>
    <ClInclude Include="src\mode\world\dialog\LightmapDialog.h">
      <Filter>Header Files</Filter>
    </ClInclude>
    <ClInclude Include="src\mode\world\dialog\ObjectPropertiesDialog.h">
      <Filter>Header Files</Filter>
    </ClInclude>
    <ClInclude Include="src\mode\world\dialog\SelectionPropertiesDialog.h">
      <Filter>Header Files</Filter>
    </ClInclude>
    <ClInclude Include="src\mode\world\dialog\TerrainCreationDialog.h">
      <Filter>Header Files</Filter>
    </ClInclude>
    <ClInclude Include="src\mode\world\dialog\TerrainHeightmapDialog.h">
      <Filter>Header Files</Filter>
    </ClInclude>
    <ClInclude Include="src\mode\world\dialog\TerrainPropertiesDialog.h">
      <Filter>Header Files</Filter>
    </ClInclude>
    <ClInclude Include="src\mode\world\dialog\WorldPropertiesDialog.h">
      <Filter>Header Files</Filter>
    </ClInclude>
    <ClInclude Include="src\mode\world\terrain\ModeWorldEditTerrain.h">
      <Filter>Header Files</Filter>
    </ClInclude>
    <ClInclude Include="src\stuff\Observable.h">
      <Filter>Header Files</Filter>
    </ClInclude>
    <ClInclude Include="src\stuff\Observer.h">
      <Filter>Header Files</Filter>
    </ClInclude>
    <ClInclude Include="src\stuff\PluginManager.h">
      <Filter>Header Files</Filter>
    </ClInclude>
    <ClInclude Include="src\stuff\Progress.h">
      <Filter>Header Files</Filter>
    </ClInclude>
    <ClInclude Include="src\x\camera.h">
      <Filter>Header Files</Filter>
    </ClInclude>
    <ClInclude Include="src\x\font.h">
      <Filter>Header Files</Filter>
    </ClInclude>
    <ClInclude Include="src\x\material.h">
      <Filter>Header Files</Filter>
    </ClInclude>
    <ClInclude Include="src\x\model.h">
      <Filter>Header Files</Filter>
    </ClInclude>
    <ClInclude Include="src\x\model_manager.h">
      <Filter>Header Files</Filter>
    </ClInclude>
    <ClInclude Include="src\x\object.h">
      <Filter>Header Files</Filter>
    </ClInclude>
    <ClInclude Include="src\x\terrain.h">
      <Filter>Header Files</Filter>
    </ClInclude>
    <ClInclude Include="src\x\world.h">
      <Filter>Header Files</Filter>
    </ClInclude>
    <ClInclude Include="src\Action\Model\Mesh\Surface\ActionModelSurfaceVolumeAnd.h">
      <Filter>Header Files</Filter>
    </ClInclude>
    <ClInclude Include="src\Action\Model\Mesh\Surface\ActionModelSurfaceVolumeSubtract.h">
      <Filter>Header Files</Filter>
    </ClInclude>
    <ClInclude Include="src\Action\World\ActionWorldDeleteSelection.h">
      <Filter>Header Files</Filter>
    </ClInclude>
    <ClInclude Include="src\Action\World\Terrain\ActionWorldDeleteTerrain.h">
      <Filter>Header Files</Filter>
    </ClInclude>
    <ClInclude Include="src\Action\World\Object\ActionWorldDeleteObject.h">
      <Filter>Header Files</Filter>
    </ClInclude>
    <ClInclude Include="src\lib\hui\controls\huicontrolexpander.h">
      <Filter>Header Files</Filter>
    </ClInclude>
    <ClInclude Include="src\lib\hui\controls\huicontrolpaned.h">
      <Filter>Header Files</Filter>
    </ClInclude>
    <ClInclude Include="src\lib\hui\controls\huicontrolscroller.h">
      <Filter>Header Files</Filter>
    </ClInclude>
    <ClInclude Include="src\lib\hui\controls\huicontrolseparator.h">
      <Filter>Header Files</Filter>
    </ClInclude>
    <ClInclude Include="src\stuff\embeddeddialog.h">
      <Filter>Header Files</Filter>
    </ClInclude>
    <ClInclude Include="src\mode\world\dialog\cameradialog.h">
      <Filter>Header Files</Filter>
    </ClInclude>
    <ClInclude Include="src\MultiView\Window.h">
      <Filter>Header Files</Filter>
    </ClInclude>
    <ClInclude Include="src\MultiView\ActionController.h">
      <Filter>Header Files</Filter>
    </ClInclude>
    <ClInclude Include="src\MultiView\MultiViewImpl.h">
      <Filter>Header Files</Filter>
    </ClInclude>
    <ClInclude Include="src\MultiView\SingleData.h">
      <Filter>Header Files</Filter>
    </ClInclude>
    <ClInclude Include="src\mode\model\mesh\creation\modemodelmeshautoweld.h">
      <Filter>Header Files</Filter>
    </ClInclude>
    <ClInclude Include="src\data\model\geometry\geometry.h">
      <Filter>Header Files</Filter>
    </ClInclude>
    <ClInclude Include="src\data\model\geometry\geometryball.h">
      <Filter>Header Files</Filter>
    </ClInclude>
    <ClInclude Include="src\data\model\geometry\geometrycube.h">
      <Filter>Header Files</Filter>
    </ClInclude>
    <ClInclude Include="src\data\model\geometry\geometrycylinder.h">
      <Filter>Header Files</Filter>
    </ClInclude>
    <ClInclude Include="src\data\model\geometry\geometryplane.h">
      <Filter>Header Files</Filter>
    </ClInclude>
    <ClInclude Include="src\data\model\geometry\geometryplatonic.h">
      <Filter>Header Files</Filter>
    </ClInclude>
    <ClInclude Include="src\data\model\geometry\geometrysphere.h">
      <Filter>Header Files</Filter>
    </ClInclude>
    <ClInclude Include="src\data\model\geometry\geometryteapot.h">
      <Filter>Header Files</Filter>
    </ClInclude>
    <ClInclude Include="src\data\model\geometry\geometrytorus.h">
      <Filter>Header Files</Filter>
    </ClInclude>
    <ClInclude Include="src\data\model\geometry\geometrytorusknot.h">
      <Filter>Header Files</Filter>
    </ClInclude>
    <ClInclude Include="src\data\model\bsptree.h">
      <Filter>Header Files</Filter>
    </ClInclude>
    <ClInclude Include="src\action\model\mesh\skin\actionmodeltransformskinvertices.h">
      <Filter>Header Files</Filter>
    </ClInclude>
    <ClInclude Include="src\action\model\mesh\vertex\actionmodeltransformvertices.h">
      <Filter>Header Files</Filter>
    </ClInclude>
    <ClInclude Include="src\action\model\mesh\vertex\actionmodeltriangulatevertices.h">
      <Filter>Header Files</Filter>
    </ClInclude>
    <ClInclude Include="src\multiview\multiview.h">
      <Filter>Header Files</Filter>
    </ClInclude>
    <ClInclude Include="src\lib\image\image_png.h">
      <Filter>Header Files</Filter>
    </ClInclude>
  </ItemGroup>
</Project>